
Microsoft Visual Studio Solution File, Format Version 12.00
# Visual Studio Version 16
VisualStudioVersion = 16.0.30907.101
MinimumVisualStudioVersion = 10.0.40219.1
Project("{9A19103F-16F7-4668-BE54-9A1E7A4F7556}") = "CodingExercises", "CodingExercises\CodingExercises.csproj", "{43BCC986-1C2C-4120-9C62-14DD29266B90}"
EndProject
Project("{FAE04EC0-301F-11D3-BF4B-00C04F79EFBC}") = "CodingExercisesTests", "CodingExercisesTests\CodingExercisesTests.csproj", "{7E641647-428F-4FBC-A48F-4DD4828BA21B}"
EndProject
Project("{9A19103F-16F7-4668-BE54-9A1E7A4F7556}") = "Interviews", "Interviews\Interviews.csproj", "{BA74250D-23E3-4D4D-9A46-1A1AA2C7DD0E}"
EndProject
Project("{9A19103F-16F7-4668-BE54-9A1E7A4F7556}") = "InterviewsTests", "InterviewsTests\InterviewsTests.csproj", "{724F6245-1DED-41B2-B68C-8160E348CB08}"
EndProject
EndProject
Global
	GlobalSection(SolutionConfigurationPlatforms) = preSolution
		Debug|Any CPU = Debug|Any CPU
		Release|Any CPU = Release|Any CPU
	EndGlobalSection
	GlobalSection(ProjectConfigurationPlatforms) = postSolution
		{43BCC986-1C2C-4120-9C62-14DD29266B90}.Debug|Any CPU.ActiveCfg = Debug|Any CPU
		{43BCC986-1C2C-4120-9C62-14DD29266B90}.Debug|Any CPU.Build.0 = Debug|Any CPU
		{43BCC986-1C2C-4120-9C62-14DD29266B90}.Release|Any CPU.ActiveCfg = Release|Any CPU
		{43BCC986-1C2C-4120-9C62-14DD29266B90}.Release|Any CPU.Build.0 = Release|Any CPU
		{7E641647-428F-4FBC-A48F-4DD4828BA21B}.Debug|Any CPU.ActiveCfg = Debug|Any CPU
		{7E641647-428F-4FBC-A48F-4DD4828BA21B}.Debug|Any CPU.Build.0 = Debug|Any CPU
		{7E641647-428F-4FBC-A48F-4DD4828BA21B}.Release|Any CPU.ActiveCfg = Release|Any CPU
		{7E641647-428F-4FBC-A48F-4DD4828BA21B}.Release|Any CPU.Build.0 = Release|Any CPU
		{BA74250D-23E3-4D4D-9A46-1A1AA2C7DD0E}.Debug|Any CPU.ActiveCfg = Debug|Any CPU
		{BA74250D-23E3-4D4D-9A46-1A1AA2C7DD0E}.Debug|Any CPU.Build.0 = Debug|Any CPU
		{BA74250D-23E3-4D4D-9A46-1A1AA2C7DD0E}.Release|Any CPU.ActiveCfg = Release|Any CPU
		{BA74250D-23E3-4D4D-9A46-1A1AA2C7DD0E}.Release|Any CPU.Build.0 = Release|Any CPU
		{724F6245-1DED-41B2-B68C-8160E348CB08}.Debug|Any CPU.ActiveCfg = Debug|Any CPU
		{724F6245-1DED-41B2-B68C-8160E348CB08}.Debug|Any CPU.Build.0 = Debug|Any CPU
		{724F6245-1DED-41B2-B68C-8160E348CB08}.Release|Any CPU.ActiveCfg = Release|Any CPU
		{724F6245-1DED-41B2-B68C-8160E348CB08}.Release|Any CPU.Build.0 = Release|Any CPU
	EndGlobalSection
	GlobalSection(SolutionProperties) = preSolution
		HideSolutionNode = FALSE
	EndGlobalSection
	GlobalSection(ExtensibilityGlobals) = postSolution
		SolutionGuid = {262146C2-2B4F-4086-9B91-845A2C4F90BF}
	EndGlobalSection
EndGlobal
